
Microsoft Visual Studio Solution File, Format Version 12.00
# Visual Studio 15
VisualStudioVersion = 15.0.28307.421
MinimumVisualStudioVersion = 10.0.40219.1
Project("{9A19103F-16F7-4668-BE54-9A1E7A4F7556}") = "OrderDeliveryMonitor", "OrderDeliveryMonitor\OrderDeliveryMonitor.csproj", "{6360AB9A-8CFE-4FFF-A7FD-B08DB16359AA}"
EndProject
Project("{9A19103F-16F7-4668-BE54-9A1E7A4F7556}") = "OrderDeliveryMonitor.Api", "OrderDeliveryMonitor.Api\OrderDeliveryMonitor.Api.csproj", "{0CD6B83C-6749-412F-9B61-F5D8BF7781A7}"
EndProject
Project("{9A19103F-16F7-4668-BE54-9A1E7A4F7556}") = "OrderDeliveryMonitor.Model", "OrderDeliveryMonitor.Model\OrderDeliveryMonitor.Model.csproj", "{B58EEB0B-2E80-445A-B638-031A5D66FC2A}"
EndProject
Project("{9A19103F-16F7-4668-BE54-9A1E7A4F7556}") = "OrderDeliveryMonitor.Business", "OrderDeliveryMonitor.Business\OrderDeliveryMonitor.Business.csproj", "{A7840402-6CB2-49DE-A4FC-C2ED96F097FC}"
EndProject
Project("{9A19103F-16F7-4668-BE54-9A1E7A4F7556}") = "OrderDeliveryMonitor.Repository", "OrderDeliveryMonitor.Repository\OrderDeliveryMonitor.Repository.csproj", "{9375D238-9ADF-4416-B974-A29011033867}"
EndProject
Project("{9A19103F-16F7-4668-BE54-9A1E7A4F7556}") = "OrderDeliveryMonitor.DataAccessLibrary", "OrderDeliveryMonitor.DataAccessLibrary\OrderDeliveryMonitor.DataAccessLibrary.csproj", "{B7B08A7C-7E29-4A57-9B0E-AFFE6B7BCC0B}"
EndProject
Project("{9A19103F-16F7-4668-BE54-9A1E7A4F7556}") = "OrderDeliveryMonitor.ApplicationConfig", "OrderDeliveryMonitor.ApplicationConfig\OrderDeliveryMonitor.ApplicationConfig.csproj", "{56E9A964-2583-437A-8089-F5F9D264FFCE}"
EndProject
Project("{9A19103F-16F7-4668-BE54-9A1E7A4F7556}") = "OrderDeliveryMonitor.Facade", "OrderDeliveryMonitor.Facade\OrderDeliveryMonitor.Facade.csproj", "{C1635029-12A0-44E3-91A3-27B17244BBA4}"
EndProject
Project("{9A19103F-16F7-4668-BE54-9A1E7A4F7556}") = "OrderDeliveryMonitor.Resources", "OrderDeliveryMonitor.Resources\OrderDeliveryMonitor.Resources.csproj", "{2E4B27C2-EA95-4B52-9901-AAC664307962}"
EndProject
Project("{FAE04EC0-301F-11D3-BF4B-00C04F79EFBC}") = "OrderDeliveryMonitor.Utility", "OrderDeliveryMonitor.Utility\OrderDeliveryMonitor.Utility.csproj", "{3897B2B1-06C5-44E0-A069-7EFBE2DD7532}"
EndProject
Global
	GlobalSection(SolutionConfigurationPlatforms) = preSolution
		Debug|Any CPU = Debug|Any CPU
		Release|Any CPU = Release|Any CPU
	EndGlobalSection
	GlobalSection(ProjectConfigurationPlatforms) = postSolution
		{6360AB9A-8CFE-4FFF-A7FD-B08DB16359AA}.Debug|Any CPU.ActiveCfg = Debug|Any CPU
		{6360AB9A-8CFE-4FFF-A7FD-B08DB16359AA}.Debug|Any CPU.Build.0 = Debug|Any CPU
		{6360AB9A-8CFE-4FFF-A7FD-B08DB16359AA}.Release|Any CPU.ActiveCfg = Release|Any CPU
		{6360AB9A-8CFE-4FFF-A7FD-B08DB16359AA}.Release|Any CPU.Build.0 = Release|Any CPU
		{0CD6B83C-6749-412F-9B61-F5D8BF7781A7}.Debug|Any CPU.ActiveCfg = Debug|Any CPU
		{0CD6B83C-6749-412F-9B61-F5D8BF7781A7}.Debug|Any CPU.Build.0 = Debug|Any CPU
		{0CD6B83C-6749-412F-9B61-F5D8BF7781A7}.Release|Any CPU.ActiveCfg = Release|Any CPU
		{0CD6B83C-6749-412F-9B61-F5D8BF7781A7}.Release|Any CPU.Build.0 = Release|Any CPU
		{B58EEB0B-2E80-445A-B638-031A5D66FC2A}.Debug|Any CPU.ActiveCfg = Debug|Any CPU
		{B58EEB0B-2E80-445A-B638-031A5D66FC2A}.Debug|Any CPU.Build.0 = Debug|Any CPU
		{B58EEB0B-2E80-445A-B638-031A5D66FC2A}.Release|Any CPU.ActiveCfg = Release|Any CPU
		{B58EEB0B-2E80-445A-B638-031A5D66FC2A}.Release|Any CPU.Build.0 = Release|Any CPU
		{A7840402-6CB2-49DE-A4FC-C2ED96F097FC}.Debug|Any CPU.ActiveCfg = Debug|Any CPU
		{A7840402-6CB2-49DE-A4FC-C2ED96F097FC}.Debug|Any CPU.Build.0 = Debug|Any CPU
		{A7840402-6CB2-49DE-A4FC-C2ED96F097FC}.Release|Any CPU.ActiveCfg = Release|Any CPU
		{A7840402-6CB2-49DE-A4FC-C2ED96F097FC}.Release|Any CPU.Build.0 = Release|Any CPU
		{9375D238-9ADF-4416-B974-A29011033867}.Debug|Any CPU.ActiveCfg = Debug|Any CPU
		{9375D238-9ADF-4416-B974-A29011033867}.Debug|Any CPU.Build.0 = Debug|Any CPU
		{9375D238-9ADF-4416-B974-A29011033867}.Release|Any CPU.ActiveCfg = Release|Any CPU
		{9375D238-9ADF-4416-B974-A29011033867}.Release|Any CPU.Build.0 = Release|Any CPU
		{B7B08A7C-7E29-4A57-9B0E-AFFE6B7BCC0B}.Debug|Any CPU.ActiveCfg = Debug|Any CPU
		{B7B08A7C-7E29-4A57-9B0E-AFFE6B7BCC0B}.Debug|Any CPU.Build.0 = Debug|Any CPU
		{B7B08A7C-7E29-4A57-9B0E-AFFE6B7BCC0B}.Release|Any CPU.ActiveCfg = Release|Any CPU
		{B7B08A7C-7E29-4A57-9B0E-AFFE6B7BCC0B}.Release|Any CPU.Build.0 = Release|Any CPU
		{56E9A964-2583-437A-8089-F5F9D264FFCE}.Debug|Any CPU.ActiveCfg = Debug|Any CPU
		{56E9A964-2583-437A-8089-F5F9D264FFCE}.Debug|Any CPU.Build.0 = Debug|Any CPU
		{56E9A964-2583-437A-8089-F5F9D264FFCE}.Release|Any CPU.ActiveCfg = Release|Any CPU
		{56E9A964-2583-437A-8089-F5F9D264FFCE}.Release|Any CPU.Build.0 = Release|Any CPU
		{C1635029-12A0-44E3-91A3-27B17244BBA4}.Debug|Any CPU.ActiveCfg = Debug|Any CPU
		{C1635029-12A0-44E3-91A3-27B17244BBA4}.Debug|Any CPU.Build.0 = Debug|Any CPU
		{C1635029-12A0-44E3-91A3-27B17244BBA4}.Release|Any CPU.ActiveCfg = Release|Any CPU
		{C1635029-12A0-44E3-91A3-27B17244BBA4}.Release|Any CPU.Build.0 = Release|Any CPU
		{2E4B27C2-EA95-4B52-9901-AAC664307962}.Debug|Any CPU.ActiveCfg = Debug|Any CPU
		{2E4B27C2-EA95-4B52-9901-AAC664307962}.Debug|Any CPU.Build.0 = Debug|Any CPU
		{2E4B27C2-EA95-4B52-9901-AAC664307962}.Release|Any CPU.ActiveCfg = Release|Any CPU
		{2E4B27C2-EA95-4B52-9901-AAC664307962}.Release|Any CPU.Build.0 = Release|Any CPU
		{3897B2B1-06C5-44E0-A069-7EFBE2DD7532}.Debug|Any CPU.ActiveCfg = Debug|Any CPU
		{3897B2B1-06C5-44E0-A069-7EFBE2DD7532}.Debug|Any CPU.Build.0 = Debug|Any CPU
		{3897B2B1-06C5-44E0-A069-7EFBE2DD7532}.Release|Any CPU.ActiveCfg = Release|Any CPU
		{3897B2B1-06C5-44E0-A069-7EFBE2DD7532}.Release|Any CPU.Build.0 = Release|Any CPU
	EndGlobalSection
	GlobalSection(SolutionProperties) = preSolution
		HideSolutionNode = FALSE
	EndGlobalSection
	GlobalSection(ExtensibilityGlobals) = postSolution
		SolutionGuid = {70C899BB-5039-4EDB-B37D-B933A50DA6D3}
	EndGlobalSection
EndGlobal
